
Microsoft Visual Studio Solution File, Format Version 12.00
# Visual Studio Version 17
VisualStudioVersion = 17.13.35931.197 d17.13
MinimumVisualStudioVersion = 10.0.40219.1
Project("{FAE04EC0-301F-11D3-BF4B-00C04F79EFBC}") = "HwSandbox", "HwSandbox\HwSandbox.csproj", "{74E1C22F-70F4-4D50-95F1-DBEA3A23F7C5}"
EndProject
Global
	GlobalSection(SolutionConfigurationPlatforms) = preSolution
		Debug|Any CPU = Debug|Any CPU
		Release|Any CPU = Release|Any CPU
	EndGlobalSection
	GlobalSection(ProjectConfigurationPlatforms) = postSolution
		{74E1C22F-70F4-4D50-95F1-DBEA3A23F7C5}.Debug|Any CPU.ActiveCfg = Debug|Any CPU
		{74E1C22F-70F4-4D50-95F1-DBEA3A23F7C5}.Debug|Any CPU.Build.0 = Debug|Any CPU
		{74E1C22F-70F4-4D50-95F1-DBEA3A23F7C5}.Release|Any CPU.ActiveCfg = Release|Any CPU
		{74E1C22F-70F4-4D50-95F1-DBEA3A23F7C5}.Release|Any CPU.Build.0 = Release|Any CPU
	EndGlobalSection
	GlobalSection(SolutionProperties) = preSolution
		HideSolutionNode = FALSE
	EndGlobalSection
	GlobalSection(ExtensibilityGlobals) = postSolution
		SolutionGuid = {D837B228-CE6B-4691-9987-66D2076E7573}
	EndGlobalSection
EndGlobal
